
Microsoft Visual Studio Solution File, Format Version 10.00
# Visual Studio 2008
# SharpDevelop 3.2.1.6466
Project("{FAE04EC0-301F-11D3-BF4B-00C04F79EFBC}") = "practica5", "practica5\practica5.csproj", "{916C837A-D5EA-4DF4-A216-559DD3721C0D}"
EndProject
Global
	GlobalSection(SolutionConfigurationPlatforms) = preSolution
		Debug|x86 = Debug|x86
		Release|x86 = Release|x86
	EndGlobalSection
	GlobalSection(ProjectConfigurationPlatforms) = postSolution
		{916C837A-D5EA-4DF4-A216-559DD3721C0D}.Debug|x86.Build.0 = Debug|x86
		{916C837A-D5EA-4DF4-A216-559DD3721C0D}.Debug|x86.ActiveCfg = Debug|x86
		{916C837A-D5EA-4DF4-A216-559DD3721C0D}.Release|x86.Build.0 = Release|x86
		{916C837A-D5EA-4DF4-A216-559DD3721C0D}.Release|x86.ActiveCfg = Release|x86
	EndGlobalSection
EndGlobal
